// !$*UTF8*$!
{
	archiveVersion = 1;
	classes = {
	};
	objectVersion = 51;
	objects = {

/* Begin PBXBuildFile section */
		CC7AC76CCA2E71EAE842C1C0 /* Pods_STCommonWebViewDemo.framework in Frameworks */ = {isa = PBXBuildFile; fileRef = E81B41CFC196E83F3BF3942C /* Pods_STCommonWebViewDemo.framework */; };
		DCD653C82553EBC6006364E7 /* AppDelegate.swift in Sources */ = {isa = PBXBuildFile; fileRef = DCD653C72553EBC6006364E7 /* AppDelegate.swift */; };
		DCD653CC2553EBC6006364E7 /* ViewController.swift in Sources */ = {isa = PBXBuildFile; fileRef = DCD653CB2553EBC6006364E7 /* ViewController.swift */; };
		DCD653CF2553EBC6006364E7 /* Main.storyboard in Resources */ = {isa = PBXBuildFile; fileRef = DCD653CD2553EBC6006364E7 /* Main.storyboard */; };
		DCD653D12553EBC9006364E7 /* Assets.xcassets in Resources */ = {isa = PBXBuildFile; fileRef = DCD653D02553EBC9006364E7 /* Assets.xcassets */; };
		DCD653D42553EBC9006364E7 /* LaunchScreen.storyboard in Resources */ = {isa = PBXBuildFile; fileRef = DCD653D22553EBC9006364E7 /* LaunchScreen.storyboard */; };
/* End PBXBuildFile section */

/* Begin PBXFileReference section */
		3EB09182530CA23390BC118F /* Pods-STCommonWebViewDemo.release.xcconfig */ = {isa = PBXFileReference; includeInIndex = 1; lastKnownFileType = text.xcconfig; name = "Pods-STCommonWebViewDemo.release.xcconfig"; path = "Target Support Files/Pods-STCommonWebViewDemo/Pods-STCommonWebViewDemo.release.xcconfig"; sourceTree = "<group>"; };
		945A62C43C8863214B536041 /* Pods-STCommonWebViewDemo.debug.xcconfig */ = {isa = PBXFileReference; includeInIndex = 1; lastKnownFileType = text.xcconfig; name = "Pods-STCommonWebViewDemo.debug.xcconfig"; path = "Target Support Files/Pods-STCommonWebViewDemo/Pods-STCommonWebViewDemo.debug.xcconfig"; sourceTree = "<group>"; };
		DCD653C42553EBC6006364E7 /* STCommonWebViewDemo.app */ = {isa = PBXFileReference; explicitFileType = wrapper.application; includeInIndex = 0; path = STCommonWebViewDemo.app; sourceTree = BUILT_PRODUCTS_DIR; };
		DCD653C72553EBC6006364E7 /* AppDelegate.swift */ = {isa = PBXFileReference; lastKnownFileType = sourcecode.swift; path = AppDelegate.swift; sourceTree = "<group>"; };
		DCD653CB2553EBC6006364E7 /* ViewController.swift */ = {isa = PBXFileReference; lastKnownFileType = sourcecode.swift; path = ViewController.swift; sourceTree = "<group>"; };
		DCD653CE2553EBC6006364E7 /* Base */ = {isa = PBXFileReference; lastKnownFileType = file.storyboard; name = Base; path = Base.lproj/Main.storyboard; sourceTree = "<group>"; };
		DCD653D02553EBC9006364E7 /* Assets.xcassets */ = {isa = PBXFileReference; lastKnownFileType = folder.assetcatalog; path = Assets.xcassets; sourceTree = "<group>"; };
		DCD653D32553EBC9006364E7 /* Base */ = {isa = PBXFileReference; lastKnownFileType = file.storyboard; name = Base; path = Base.lproj/LaunchScreen.storyboard; sourceTree = "<group>"; };
		DCD653D52553EBC9006364E7 /* Info.plist */ = {isa = PBXFileReference; lastKnownFileType = text.plist.xml; path = Info.plist; sourceTree = "<group>"; };
		E81B41CFC196E83F3BF3942C /* Pods_STCommonWebViewDemo.framework */ = {isa = PBXFileReference; explicitFileType = wrapper.framework; includeInIndex = 0; path = Pods_STCommonWebViewDemo.framework; sourceTree = BUILT_PRODUCTS_DIR; };
/* End PBXFileReference section */

/* Begin PBXFrameworksBuildPhase section */
		DCD653C12553EBC6006364E7 /* Frameworks */ = {
			isa = PBXFrameworksBuildPhase;
			buildActionMask = 2147483647;
			files = (
				CC7AC76CCA2E71EAE842C1C0 /* Pods_STCommonWebViewDemo.framework in Frameworks */,
			);
			runOnlyForDeploymentPostprocessing = 0;
		};
/* End PBXFrameworksBuildPhase section */

/* Begin PBXGroup section */
		8706D0533D7293212D1D0EEA /* Pods */ = {
			isa = PBXGroup;
			children = (
				945A62C43C8863214B536041 /* Pods-STCommonWebViewDemo.debug.xcconfig */,
				3EB09182530CA23390BC118F /* Pods-STCommonWebViewDemo.release.xcconfig */,
			);
			path = Pods;
			sourceTree = "<group>";
		};
		AD1A5989EED04765722A01DA /* Frameworks */ = {
			isa = PBXGroup;
			children = (
				E81B41CFC196E83F3BF3942C /* Pods_STCommonWebViewDemo.framework */,
			);
			name = Frameworks;
			sourceTree = "<group>";
		};
		DCD653BB2553EBC6006364E7 = {
			isa = PBXGroup;
			children = (
				DCD653C62553EBC6006364E7 /* STCommonWebViewDemo */,
				DCD653C52553EBC6006364E7 /* Products */,
				8706D0533D7293212D1D0EEA /* Pods */,
				AD1A5989EED04765722A01DA /* Frameworks */,
			);
			sourceTree = "<group>";
		};
		DCD653C52553EBC6006364E7 /* Products */ = {
			isa = PBXGroup;
			children = (
				DCD653C42553EBC6006364E7 /* STCommonWebViewDemo.app */,
			);
			name = Products;
			sourceTree = "<group>";
		};
		DCD653C62553EBC6006364E7 /* STCommonWebViewDemo */ = {
			isa = PBXGroup;
			children = (
				DCD653C72553EBC6006364E7 /* AppDelegate.swift */,
				DCD653CB2553EBC6006364E7 /* ViewController.swift */,
				DCD653CD2553EBC6006364E7 /* Main.storyboard */,
				DCD653D02553EBC9006364E7 /* Assets.xcassets */,
				DCD653D22553EBC9006364E7 /* LaunchScreen.storyboard */,
				DCD653D52553EBC9006364E7 /* Info.plist */,
			);
			path = STCommonWebViewDemo;
			sourceTree = "<group>";
		};
/* End PBXGroup section */

/* Begin PBXNativeTarget section */
		DCD653C32553EBC6006364E7 /* STCommonWebViewDemo */ = {
			isa = PBXNativeTarget;
			buildConfigurationList = DCD653D82553EBC9006364E7 /* Build configuration list for PBXNativeTarget "STCommonWebViewDemo" */;
			buildPhases = (
				9BE8F597731DC5B9C46812B3 /* [CP] Check Pods Manifest.lock */,
				DCD653C02553EBC6006364E7 /* Sources */,
				DCD653C12553EBC6006364E7 /* Frameworks */,
				DCD653C22553EBC6006364E7 /* Resources */,
				722D1E5CF3E78A606B09C77F /* [CP] Embed Pods Frameworks */,
			);
			buildRules = (
			);
			dependencies = (
			);
			name = STCommonWebViewDemo;
			productName = STCommonWebViewDemo;
			productReference = DCD653C42553EBC6006364E7 /* STCommonWebViewDemo.app */;
			productType = "com.apple.product-type.application";
		};
/* End PBXNativeTarget section */

/* Begin PBXProject section */
		DCD653BC2553EBC6006364E7 /* Project object */ = {
			isa = PBXProject;
			attributes = {
				LastSwiftUpdateCheck = 1210;
				LastUpgradeCheck = 1210;
				TargetAttributes = {
					DCD653C32553EBC6006364E7 = {
						CreatedOnToolsVersion = 12.1;
					};
				};
			};
			buildConfigurationList = DCD653BF2553EBC6006364E7 /* Build configuration list for PBXProject "STCommonWebViewDemo" */;
			compatibilityVersion = "Xcode 9.3";
			developmentRegion = en;
			hasScannedForEncodings = 0;
			knownRegions = (
				en,
				Base,
			);
			mainGroup = DCD653BB2553EBC6006364E7;
			productRefGroup = DCD653C52553EBC6006364E7 /* Products */;
			projectDirPath = "";
			projectRoot = "";
			targets = (
				DCD653C32553EBC6006364E7 /* STCommonWebViewDemo */,
			);
		};
/* End PBXProject section */

/* Begin PBXResourcesBuildPhase section */
		DCD653C22553EBC6006364E7 /* Resources */ = {
			isa = PBXResourcesBuildPhase;
			buildActionMask = 2147483647;
			files = (
				DCD653D42553EBC9006364E7 /* LaunchScreen.storyboard in Resources */,
				DCD653D12553EBC9006364E7 /* Assets.xcassets in Resources */,
				DCD653CF2553EBC6006364E7 /* Main.storyboard in Resources */,
			);
			runOnlyForDeploymentPostprocessing = 0;
		};
/* End PBXResourcesBuildPhase section */

/* Begin PBXShellScriptBuildPhase section */
		722D1E5CF3E78A606B09C77F /* [CP] Embed Pods Frameworks */ = {
			isa = PBXShellScriptBuildPhase;
			buildActionMask = 2147483647;
			files = (
			);
			inputFileListPaths = (
				"${PODS_ROOT}/Target Support Files/Pods-STCommonWebViewDemo/Pods-STCommonWebViewDemo-frameworks-${CONFIGURATION}-input-files.xcfilelist",
			);
			name = "[CP] Embed Pods Frameworks";
			outputFileListPaths = (
				"${PODS_ROOT}/Target Support Files/Pods-STCommonWebViewDemo/Pods-STCommonWebViewDemo-frameworks-${CONFIGURATION}-output-files.xcfilelist",
			);
			runOnlyForDeploymentPostprocessing = 0;
			shellPath = /bin/sh;
			shellScript = "\"${PODS_ROOT}/Target Support Files/Pods-STCommonWebViewDemo/Pods-STCommonWebViewDemo-frameworks.sh\"\n";
			showEnvVarsInLog = 0;
		};
		9BE8F597731DC5B9C46812B3 /* [CP] Check Pods Manifest.lock */ = {
			isa = PBXShellScriptBuildPhase;
			buildActionMask = 2147483647;
			files = (
			);
			inputFileListPaths = (
			);
			inputPaths = (
				"${PODS_PODFILE_DIR_PATH}/Podfile.lock",
				"${PODS_ROOT}/Manifest.lock",
			);
			name = "[CP] Check Pods Manifest.lock";
			outputFileListPaths = (
			);
			outputPaths = (
				"$(DERIVED_FILE_DIR)/Pods-STCommonWebViewDemo-checkManifestLockResult.txt",
			);
			runOnlyForDeploymentPostprocessing = 0;
			shellPath = /bin/sh;
			shellScript = "diff \"${PODS_PODFILE_DIR_PATH}/Podfile.lock\" \"${PODS_ROOT}/Manifest.lock\" > /dev/null\nif [ $? != 0 ] ; then\n    # print error to STDERR\n    echo \"error: The sandbox is not in sync with the Podfile.lock. Run 'pod install' or update your CocoaPods installation.\" >&2\n    exit 1\nfi\n# This output is used by Xcode 'outputs' to avoid re-running this script phase.\necho \"SUCCESS\" > \"${SCRIPT_OUTPUT_FILE_0}\"\n";
			showEnvVarsInLog = 0;
		};
/* End PBXShellScriptBuildPhase section */

/* Begin PBXSourcesBuildPhase section */
		DCD653C02553EBC6006364E7 /* Sources */ = {
			isa = PBXSourcesBuildPhase;
			buildActionMask = 2147483647;
			files = (
				DCD653CC2553EBC6006364E7 /* ViewController.swift in Sources */,
				DCD653C82553EBC6006364E7 /* AppDelegate.swift in Sources */,
			);
			runOnlyForDeploymentPostprocessing = 0;
		};
/* End PBXSourcesBuildPhase section */

/* Begin PBXVariantGroup section */
		DCD653CD2553EBC6006364E7 /* Main.storyboard */ = {
			isa = PBXVariantGroup;
			children = (
				DCD653CE2553EBC6006364E7 /* Base */,
			);
			name = Main.storyboard;
			sourceTree = "<group>";
		};
		DCD653D22553EBC9006364E7 /* LaunchScreen.storyboard */ = {
			isa = PBXVariantGroup;
			children = (
				DCD653D32553EBC9006364E7 /* Base */,
			);
			name = LaunchScreen.storyboard;
			sourceTree = "<group>";
		};
/* End PBXVariantGroup section */

/* Begin XCBuildConfiguration section */
		DCD653D62553EBC9006364E7 /* Debug */ = {
			isa = XCBuildConfiguration;
			buildSettings = {
				ALWAYS_SEARCH_USER_PATHS = NO;
				CLANG_ANALYZER_NONNULL = YES;
				CLANG_ANALYZER_NUMBER_OBJECT_CONVERSION = YES_AGGRESSIVE;
				CLANG_CXX_LANGUAGE_STANDARD = "gnu++14";
				CLANG_CXX_LIBRARY = "libc++";
				CLANG_ENABLE_MODULES = YES;
				CLANG_ENABLE_OBJC_ARC = YES;
				CLANG_ENABLE_OBJC_WEAK = YES;
				CLANG_WARN_BLOCK_CAPTURE_AUTORELEASING = YES;
				CLANG_WARN_BOOL_CONVERSION = YES;
				CLANG_WARN_COMMA = YES;
				CLANG_WARN_CONSTANT_CONVERSION = YES;
				CLANG_WARN_DEPRECATED_OBJC_IMPLEMENTATIONS = YES;
				CLANG_WARN_DIRECT_OBJC_ISA_USAGE = YES_ERROR;
				CLANG_WARN_DOCUMENTATION_COMMENTS = YES;
				CLANG_WARN_EMPTY_BODY = YES;
				CLANG_WARN_ENUM_CONVERSION = YES;
				CLANG_WARN_INFINITE_RECURSION = YES;
				CLANG_WARN_INT_CONVERSION = YES;
				CLANG_WARN_NON_LITERAL_NULL_CONVERSION = YES;
				CLANG_WARN_OBJC_IMPLICIT_RETAIN_SELF = YES;
				CLANG_WARN_OBJC_LITERAL_CONVERSION = YES;
				CLANG_WARN_OBJC_ROOT_CLASS = YES_ERROR;
				CLANG_WARN_QUOTED_INCLUDE_IN_FRAMEWORK_HEADER = YES;
				CLANG_WARN_RANGE_LOOP_ANALYSIS = YES;
				CLANG_WARN_STRICT_PROTOTYPES = YES;
				CLANG_WARN_SUSPICIOUS_MOVE = YES;
				CLANG_WARN_UNGUARDED_AVAILABILITY = YES_AGGRESSIVE;
				CLANG_WARN_UNREACHABLE_CODE = YES;
				CLANG_WARN__DUPLICATE_METHOD_MATCH = YES;
				COPY_PHASE_STRIP = NO;
				DEBUG_INFORMATION_FORMAT = dwarf;
				ENABLE_STRICT_OBJC_MSGSEND = YES;
				ENABLE_TESTABILITY = YES;
				GCC_C_LANGUAGE_STANDARD = gnu11;
				GCC_DYNAMIC_NO_PIC = NO;
				GCC_NO_COMMON_BLOCKS = YES;
				GCC_OPTIMIZATION_LEVEL = 0;
				GCC_PREPROCESSOR_DEFINITIONS = (
					"DEBUG=1",
					"$(inherited)",
				);
				GCC_WARN_64_TO_32_BIT_CONVERSION = YES;
				GCC_WARN_ABOUT_RETURN_TYPE = YES_ERROR;
				GCC_WARN_UNDECLARED_SELECTOR = YES;
				GCC_WARN_UNINITIALIZED_AUTOS = YES_AGGRESSIVE;
				GCC_WARN_UNUSED_FUNCTION = YES;
				GCC_WARN_UNUSED_VARIABLE = YES;
				IPHONEOS_DEPLOYMENT_TARGET = 9.0;
				MTL_ENABLE_DEBUG_INFO = INCLUDE_SOURCE;
				MTL_FAST_MATH = YES;
				ONLY_ACTIVE_ARCH = YES;
				SDKROOT = iphoneos;
				SWIFT_ACTIVE_COMPILATION_CONDITIONS = DEBUG;
				SWIFT_OPTIMIZATION_LEVEL = "-Onone";
			};
			name = Debug;
		};
		DCD653D72553EBC9006364E7 /* Release */ = {
			isa = XCBuildConfiguration;
			buildSettings = {
				ALWAYS_SEARCH_USER_PATHS = NO;
				CLANG_ANALYZER_NONNULL = YES;
				CLANG_ANALYZER_NUMBER_OBJECT_CONVERSION = YES_AGGRESSIVE;
				CLANG_CXX_LANGUAGE_STANDARD = "gnu++14";
				CLANG_CXX_LIBRARY = "libc++";
				CLANG_ENABLE_MODULES = YES;
				CLANG_ENABLE_OBJC_ARC = YES;
				CLANG_ENABLE_OBJC_WEAK = YES;
				CLANG_WARN_BLOCK_CAPTURE_AUTORELEASING = YES;
				CLANG_WARN_BOOL_CONVERSION = YES;
				CLANG_WARN_COMMA = YES;
				CLANG_WARN_CONSTANT_CONVERSION = YES;
				CLANG_WARN_DEPRECATED_OBJC_IMPLEMENTATIONS = YES;
				CLANG_WARN_DIRECT_OBJC_ISA_USAGE = YES_ERROR;
				CLANG_WARN_DOCUMENTATION_COMMENTS = YES;
				CLANG_WARN_EMPTY_BODY = YES;
				CLANG_WARN_ENUM_CONVERSION = YES;
				CLANG_WARN_INFINITE_RECURSION = YES;
				CLANG_WARN_INT_CONVERSION = YES;
				CLANG_WARN_NON_LITERAL_NULL_CONVERSION = YES;
				CLANG_WARN_OBJC_IMPLICIT_RETAIN_SELF = YES;
				CLANG_WARN_OBJC_LITERAL_CONVERSION = YES;
				CLANG_WARN_OBJC_ROOT_CLASS = YES_ERROR;
				CLANG_WARN_QUOTED_INCLUDE_IN_FRAMEWORK_HEADER = YES;
				CLANG_WARN_RANGE_LOOP_ANALYSIS = YES;
				CLANG_WARN_STRICT_PROTOTYPES = YES;
				CLANG_WARN_SUSPICIOUS_MOVE = YES;
				CLANG_WARN_UNGUARDED_AVAILABILITY = YES_AGGRESSIVE;
				CLANG_WARN_UNREACHABLE_CODE = YES;
				CLANG_WARN__DUPLICATE_METHOD_MATCH = YES;
				COPY_PHASE_STRIP = NO;
				DEBUG_INFORMATION_FORMAT = "dwarf-with-dsym";
				ENABLE_NS_ASSERTIONS = NO;
				ENABLE_STRICT_OBJC_MSGSEND = YES;
				GCC_C_LANGUAGE_STANDARD = gnu11;
				GCC_NO_COMMON_BLOCKS = YES;
				GCC_WARN_64_TO_32_BIT_CONVERSION = YES;
				GCC_WARN_ABOUT_RETURN_TYPE = YES_ERROR;
				GCC_WARN_UNDECLARED_SELECTOR = YES;
				GCC_WARN_UNINITIALIZED_AUTOS = YES_AGGRESSIVE;
				GCC_WARN_UNUSED_FUNCTION = YES;
				GCC_WARN_UNUSED_VARIABLE = YES;
				IPHONEOS_DEPLOYMENT_TARGET = 9.0;
				MTL_ENABLE_DEBUG_INFO = NO;
				MTL_FAST_MATH = YES;
				SDKROOT = iphoneos;
				SWIFT_COMPILATION_MODE = wholemodule;
				SWIFT_OPTIMIZATION_LEVEL = "-O";
				VALIDATE_PRODUCT = YES;
			};
			name = Release;
		};
		DCD653D92553EBC9006364E7 /* Debug */ = {
			isa = XCBuildConfiguration;
			baseConfigurationReference = 945A62C43C8863214B536041 /* Pods-STCommonWebViewDemo.debug.xcconfig */;
			buildSettings = {
				ASSETCATALOG_COMPILER_APPICON_NAME = AppIcon;
				ASSETCATALOG_COMPILER_GLOBAL_ACCENT_COLOR_NAME = AccentColor;
				CODE_SIGN_STYLE = Automatic;
				DEVELOPMENT_TEAM = XA5C2UCN3Q;
				INFOPLIST_FILE = STCommonWebViewDemo/Info.plist;
				LD_RUNPATH_SEARCH_PATHS = (
					"$(inherited)",
					"@executable_path/Frameworks",
				);
				PRODUCT_BUNDLE_IDENTIFIER = com.suta.STCommonWebViewDemo;
				PRODUCT_NAME = "$(TARGET_NAME)";
				SWIFT_VERSION = 5.0;
				TARGETED_DEVICE_FAMILY = "1,2";
			};
			name = Debug;
		};
		DCD653DA2553EBC9006364E7 /* Release */ = {
			isa = XCBuildConfiguration;
			baseConfigurationReference = 3EB09182530CA23390BC118F /* Pods-STCommonWebViewDemo.release.xcconfig */;
			buildSettings = {
				ASSETCATALOG_COMPILER_APPICON_NAME = AppIcon;
				ASSETCATALOG_COMPILER_GLOBAL_ACCENT_COLOR_NAME = AccentColor;
				CODE_SIGN_STYLE = Automatic;
				DEVELOPMENT_TEAM = XA5C2UCN3Q;
				INFOPLIST_FILE = STCommonWebViewDemo/Info.plist;
				LD_RUNPATH_SEARCH_PATHS = (
					"$(inherited)",
					"@executable_path/Frameworks",
				);
				PRODUCT_BUNDLE_IDENTIFIER = com.suta.STCommonWebViewDemo;
				PRODUCT_NAME = "$(TARGET_NAME)";
				SWIFT_VERSION = 5.0;
				TARGETED_DEVICE_FAMILY = "1,2";
			};
			name = Release;
		};
/* End XCBuildConfiguration section */

/* Begin XCConfigurationList section */
		DCD653BF2553EBC6006364E7 /* Build configuration list for PBXProject "STCommonWebViewDemo" */ = {
			isa = XCConfigurationList;
			buildConfigurations = (
				DCD653D62553EBC9006364E7 /* Debug */,
				DCD653D72553EBC9006364E7 /* Release */,
			);
			defaultConfigurationIsVisible = 0;
			defaultConfigurationName = Release;
		};
		DCD653D82553EBC9006364E7 /* Build configuration list for PBXNativeTarget "STCommonWebViewDemo" */ = {
			isa = XCConfigurationList;
			buildConfigurations = (
				DCD653D92553EBC9006364E7 /* Debug */,
				DCD653DA2553EBC9006364E7 /* Release */,
			);
			defaultConfigurationIsVisible = 0;
			defaultConfigurationName = Release;
		};
/* End XCConfigurationList section */
	};
	rootObject = DCD653BC2553EBC6006364E7 /* Project object */;
}
